
Microsoft Visual Studio Solution File, Format Version 12.00
Project("{FAE04EC0-301F-11D3-BF4B-00C04F79EFBC}") = "Guide.Api", "Guide.Api\Guide.Api.csproj", "{13F2B8B2-E75B-4824-863A-EB63F57B933D}"
EndProject
Project("{FAE04EC0-301F-11D3-BF4B-00C04F79EFBC}") = "Guide.Ui", "Guide.Ui\Guide.Ui.csproj", "{0937AE4C-8622-4629-9CE2-4FF1A7087F4A}"
EndProject
Project("{FAE04EC0-301F-11D3-BF4B-00C04F79EFBC}") = "Guide.Data", "Guide.Data\Guide.Data.csproj", "{8F6AE3B9-E218-46F7-94BE-F7AEAAFDFEDD}"
EndProject
Global
	GlobalSection(SolutionConfigurationPlatforms) = preSolution
		Debug|Any CPU = Debug|Any CPU
		Release|Any CPU = Release|Any CPU
	EndGlobalSection
	GlobalSection(ProjectConfigurationPlatforms) = postSolution
		{13F2B8B2-E75B-4824-863A-EB63F57B933D}.Debug|Any CPU.ActiveCfg = Debug|Any CPU
		{13F2B8B2-E75B-4824-863A-EB63F57B933D}.Debug|Any CPU.Build.0 = Debug|Any CPU
		{13F2B8B2-E75B-4824-863A-EB63F57B933D}.Release|Any CPU.ActiveCfg = Release|Any CPU
		{13F2B8B2-E75B-4824-863A-EB63F57B933D}.Release|Any CPU.Build.0 = Release|Any CPU
		{0937AE4C-8622-4629-9CE2-4FF1A7087F4A}.Debug|Any CPU.ActiveCfg = Debug|Any CPU
		{0937AE4C-8622-4629-9CE2-4FF1A7087F4A}.Debug|Any CPU.Build.0 = Debug|Any CPU
		{0937AE4C-8622-4629-9CE2-4FF1A7087F4A}.Release|Any CPU.ActiveCfg = Release|Any CPU
		{0937AE4C-8622-4629-9CE2-4FF1A7087F4A}.Release|Any CPU.Build.0 = Release|Any CPU
		{8F6AE3B9-E218-46F7-94BE-F7AEAAFDFEDD}.Debug|Any CPU.ActiveCfg = Debug|Any CPU
		{8F6AE3B9-E218-46F7-94BE-F7AEAAFDFEDD}.Debug|Any CPU.Build.0 = Debug|Any CPU
		{8F6AE3B9-E218-46F7-94BE-F7AEAAFDFEDD}.Release|Any CPU.ActiveCfg = Release|Any CPU
		{8F6AE3B9-E218-46F7-94BE-F7AEAAFDFEDD}.Release|Any CPU.Build.0 = Release|Any CPU
	EndGlobalSection
EndGlobal
